
Microsoft Visual Studio Solution File, Format Version 12.00
# Visual Studio Version 17
VisualStudioVersion = 17.0.31717.71
MinimumVisualStudioVersion = 10.0.40219.1
Project("{2150E333-8FDC-42A3-9474-1A3956D46DE8}") = "Studio", "Studio", "{8E0C118E-89FC-4315-BFAB-6B07CD8DB871}"
EndProject
Project("{2150E333-8FDC-42A3-9474-1A3956D46DE8}") = "Modules", "Modules", "{4ED0CEB9-3772-4AAD-A467-5BA067DF55C3}"
EndProject
Project("{2150E333-8FDC-42A3-9474-1A3956D46DE8}") = "Framework", "Framework", "{ED8F8382-F8EB-418C-A7AC-65B8BDD5B8EB}"
EndProject
Project("{9A19103F-16F7-4668-BE54-9A1E7A4F7556}") = "SLStudio.Logging", "Framework\SLStudio.Logging\SLStudio.Logging.csproj", "{09C97CE3-6955-46BA-A100-37FFCAFA1BE4}"
EndProject
Project("{9A19103F-16F7-4668-BE54-9A1E7A4F7556}") = "SLStudio.SlrrLib", "Framework\SLStudio.SlrrLib\SLStudio.SlrrLib.csproj", "{2480A905-1530-4958-8115-014DB9CFE398}"
EndProject
Project("{9A19103F-16F7-4668-BE54-9A1E7A4F7556}") = "SLStudio.Framework", "Framework\SLStudio.Framework\SLStudio.Framework.csproj", "{C3FEE6C8-3952-4389-8C72-7BCEEA616CCF}"
EndProject
Project("{2150E333-8FDC-42A3-9474-1A3956D46DE8}") = "Web", "Web", "{B56E9B33-D2E6-4214-BD2E-E756D79B9DB6}"
EndProject
Project("{9A19103F-16F7-4668-BE54-9A1E7A4F7556}") = "SLStudio.Web.Api", "Web\SLStudio.Web.Api\SLStudio.Web.Api.csproj", "{73747E54-233C-41D5-8412-2C262AC8B458}"
EndProject
Project("{9A19103F-16F7-4668-BE54-9A1E7A4F7556}") = "SLStudio", "Studio\SLStudio\SLStudio.csproj", "{0414E851-7131-4372-A9A2-1112F2C15223}"
EndProject
Project("{9A19103F-16F7-4668-BE54-9A1E7A4F7556}") = "SLStudio.Core", "Studio\SLStudio.Core\SLStudio.Core.csproj", "{1D649D2D-EF3E-4D50-8603-23CB574D69BE}"
EndProject
Project("{9A19103F-16F7-4668-BE54-9A1E7A4F7556}") = "SLStudio.Web.Data", "Web\SLStudio.Web.Data\SLStudio.Web.Data.csproj", "{37226D15-7522-427E-985D-E26539BDEC85}"
EndProject
Project("{9A19103F-16F7-4668-BE54-9A1E7A4F7556}") = "SLStudio.LocalServer", "Studio\Modules\SLStudio.LocalServer\SLStudio.LocalServer.csproj", "{7ED2813B-2F82-45C7-805B-6D791F2E3475}"
EndProject
Project("{9A19103F-16F7-4668-BE54-9A1E7A4F7556}") = "SLStudio.ErrorReporting", "Studio\Modules\SLStudio.ErrorReporting\SLStudio.ErrorReporting.csproj", "{EFAAD57A-73E7-41F5-B92B-93075CD32814}"
EndProject
Project("{2150E333-8FDC-42A3-9474-1A3956D46DE8}") = "Solution Items", "Solution Items", "{662F199E-8856-4DC5-9153-3E34987E613B}"
	ProjectSection(SolutionItems) = preProject
		.editorconfig = .editorconfig
		Solution Items\SharedAssemblyInfo.cs = Solution Items\SharedAssemblyInfo.cs
		Solution Items\SharedConstants.cs = Solution Items\SharedConstants.cs
		Solution Items\SharedWpfInfo.cs = Solution Items\SharedWpfInfo.cs
	EndProjectSection
EndProject
Global
	GlobalSection(SolutionConfigurationPlatforms) = preSolution
		Debug|Any CPU = Debug|Any CPU
		Release|Any CPU = Release|Any CPU
	EndGlobalSection
	GlobalSection(ProjectConfigurationPlatforms) = postSolution
		{09C97CE3-6955-46BA-A100-37FFCAFA1BE4}.Debug|Any CPU.ActiveCfg = Debug|Any CPU
		{09C97CE3-6955-46BA-A100-37FFCAFA1BE4}.Debug|Any CPU.Build.0 = Debug|Any CPU
		{09C97CE3-6955-46BA-A100-37FFCAFA1BE4}.Release|Any CPU.ActiveCfg = Release|Any CPU
		{09C97CE3-6955-46BA-A100-37FFCAFA1BE4}.Release|Any CPU.Build.0 = Release|Any CPU
		{2480A905-1530-4958-8115-014DB9CFE398}.Debug|Any CPU.ActiveCfg = Debug|Any CPU
		{2480A905-1530-4958-8115-014DB9CFE398}.Debug|Any CPU.Build.0 = Debug|Any CPU
		{2480A905-1530-4958-8115-014DB9CFE398}.Release|Any CPU.ActiveCfg = Release|Any CPU
		{2480A905-1530-4958-8115-014DB9CFE398}.Release|Any CPU.Build.0 = Release|Any CPU
		{C3FEE6C8-3952-4389-8C72-7BCEEA616CCF}.Debug|Any CPU.ActiveCfg = Debug|Any CPU
		{C3FEE6C8-3952-4389-8C72-7BCEEA616CCF}.Debug|Any CPU.Build.0 = Debug|Any CPU
		{C3FEE6C8-3952-4389-8C72-7BCEEA616CCF}.Release|Any CPU.ActiveCfg = Release|Any CPU
		{C3FEE6C8-3952-4389-8C72-7BCEEA616CCF}.Release|Any CPU.Build.0 = Release|Any CPU
		{73747E54-233C-41D5-8412-2C262AC8B458}.Debug|Any CPU.ActiveCfg = Debug|Any CPU
		{73747E54-233C-41D5-8412-2C262AC8B458}.Debug|Any CPU.Build.0 = Debug|Any CPU
		{73747E54-233C-41D5-8412-2C262AC8B458}.Release|Any CPU.ActiveCfg = Release|Any CPU
		{73747E54-233C-41D5-8412-2C262AC8B458}.Release|Any CPU.Build.0 = Release|Any CPU
		{0414E851-7131-4372-A9A2-1112F2C15223}.Debug|Any CPU.ActiveCfg = Debug|Any CPU
		{0414E851-7131-4372-A9A2-1112F2C15223}.Debug|Any CPU.Build.0 = Debug|Any CPU
		{0414E851-7131-4372-A9A2-1112F2C15223}.Release|Any CPU.ActiveCfg = Release|Any CPU
		{0414E851-7131-4372-A9A2-1112F2C15223}.Release|Any CPU.Build.0 = Release|Any CPU
		{1D649D2D-EF3E-4D50-8603-23CB574D69BE}.Debug|Any CPU.ActiveCfg = Debug|Any CPU
		{1D649D2D-EF3E-4D50-8603-23CB574D69BE}.Debug|Any CPU.Build.0 = Debug|Any CPU
		{1D649D2D-EF3E-4D50-8603-23CB574D69BE}.Release|Any CPU.ActiveCfg = Release|Any CPU
		{1D649D2D-EF3E-4D50-8603-23CB574D69BE}.Release|Any CPU.Build.0 = Release|Any CPU
		{37226D15-7522-427E-985D-E26539BDEC85}.Debug|Any CPU.ActiveCfg = Debug|Any CPU
		{37226D15-7522-427E-985D-E26539BDEC85}.Debug|Any CPU.Build.0 = Debug|Any CPU
		{37226D15-7522-427E-985D-E26539BDEC85}.Release|Any CPU.ActiveCfg = Release|Any CPU
		{37226D15-7522-427E-985D-E26539BDEC85}.Release|Any CPU.Build.0 = Release|Any CPU
		{7ED2813B-2F82-45C7-805B-6D791F2E3475}.Debug|Any CPU.ActiveCfg = Debug|Any CPU
		{7ED2813B-2F82-45C7-805B-6D791F2E3475}.Debug|Any CPU.Build.0 = Debug|Any CPU
		{7ED2813B-2F82-45C7-805B-6D791F2E3475}.Release|Any CPU.ActiveCfg = Release|Any CPU
		{7ED2813B-2F82-45C7-805B-6D791F2E3475}.Release|Any CPU.Build.0 = Release|Any CPU
		{EFAAD57A-73E7-41F5-B92B-93075CD32814}.Debug|Any CPU.ActiveCfg = Debug|Any CPU
		{EFAAD57A-73E7-41F5-B92B-93075CD32814}.Debug|Any CPU.Build.0 = Debug|Any CPU
		{EFAAD57A-73E7-41F5-B92B-93075CD32814}.Release|Any CPU.ActiveCfg = Release|Any CPU
		{EFAAD57A-73E7-41F5-B92B-93075CD32814}.Release|Any CPU.Build.0 = Release|Any CPU
	EndGlobalSection
	GlobalSection(SolutionProperties) = preSolution
		HideSolutionNode = FALSE
	EndGlobalSection
	GlobalSection(NestedProjects) = preSolution
		{4ED0CEB9-3772-4AAD-A467-5BA067DF55C3} = {8E0C118E-89FC-4315-BFAB-6B07CD8DB871}
		{09C97CE3-6955-46BA-A100-37FFCAFA1BE4} = {ED8F8382-F8EB-418C-A7AC-65B8BDD5B8EB}
		{2480A905-1530-4958-8115-014DB9CFE398} = {ED8F8382-F8EB-418C-A7AC-65B8BDD5B8EB}
		{C3FEE6C8-3952-4389-8C72-7BCEEA616CCF} = {ED8F8382-F8EB-418C-A7AC-65B8BDD5B8EB}
		{73747E54-233C-41D5-8412-2C262AC8B458} = {B56E9B33-D2E6-4214-BD2E-E756D79B9DB6}
		{0414E851-7131-4372-A9A2-1112F2C15223} = {8E0C118E-89FC-4315-BFAB-6B07CD8DB871}
		{1D649D2D-EF3E-4D50-8603-23CB574D69BE} = {8E0C118E-89FC-4315-BFAB-6B07CD8DB871}
		{37226D15-7522-427E-985D-E26539BDEC85} = {B56E9B33-D2E6-4214-BD2E-E756D79B9DB6}
		{7ED2813B-2F82-45C7-805B-6D791F2E3475} = {4ED0CEB9-3772-4AAD-A467-5BA067DF55C3}
		{EFAAD57A-73E7-41F5-B92B-93075CD32814} = {4ED0CEB9-3772-4AAD-A467-5BA067DF55C3}
	EndGlobalSection
	GlobalSection(ExtensibilityGlobals) = postSolution
		BuildVersion_StartDate = 2000/1/1
		SolutionGuid = {2E3F4373-6EF0-4BDE-83CC-7F3150FCF499}
		RESX_PrefixTranslations = False
	EndGlobalSection
EndGlobal
