
Microsoft Visual Studio Solution File, Format Version 12.00
# Visual Studio Version 17
VisualStudioVersion = 17.0.31912.275
MinimumVisualStudioVersion = 10.0.40219.1
Project("{2150E333-8FDC-42A3-9474-1A3956D46DE8}") = "Solution Items", "Solution Items", "{B00114E8-20E7-4DE8-AEF0-D484F492FF6E}"
	ProjectSection(SolutionItems) = preProject
		.editorconfig = .editorconfig
		Solution Items\SharedAssemblyInfo.cs = Solution Items\SharedAssemblyInfo.cs
		Solution Items\SharedUsings.cs = Solution Items\SharedUsings.cs
		Solution Items\SharedWpfInfo.cs = Solution Items\SharedWpfInfo.cs
	EndProjectSection
EndProject
Project("{9A19103F-16F7-4668-BE54-9A1E7A4F7556}") = "SLStudio.Core", "SLStudio.Core\SLStudio.Core.csproj", "{56FCBB6F-196B-4F85-9D66-BB2FAC3AF0E8}"
EndProject
Project("{2150E333-8FDC-42A3-9474-1A3956D46DE8}") = "Modules", "Modules", "{F6BEA548-8EA4-4309-AB3C-FB130B305DA5}"
EndProject
Project("{9A19103F-16F7-4668-BE54-9A1E7A4F7556}") = "SLStudio", "SLStudio\SLStudio.csproj", "{39CC24E2-DCDA-4D16-A230-A2D89C278C20}"
EndProject
Global
	GlobalSection(SolutionConfigurationPlatforms) = preSolution
		Debug|Any CPU = Debug|Any CPU
		Debug|x64 = Debug|x64
		Debug|x86 = Debug|x86
		Release|Any CPU = Release|Any CPU
		Release|x64 = Release|x64
		Release|x86 = Release|x86
	EndGlobalSection
	GlobalSection(ProjectConfigurationPlatforms) = postSolution
		{56FCBB6F-196B-4F85-9D66-BB2FAC3AF0E8}.Debug|Any CPU.ActiveCfg = Debug|Any CPU
		{56FCBB6F-196B-4F85-9D66-BB2FAC3AF0E8}.Debug|Any CPU.Build.0 = Debug|Any CPU
		{56FCBB6F-196B-4F85-9D66-BB2FAC3AF0E8}.Debug|x64.ActiveCfg = Debug|x64
		{56FCBB6F-196B-4F85-9D66-BB2FAC3AF0E8}.Debug|x64.Build.0 = Debug|x64
		{56FCBB6F-196B-4F85-9D66-BB2FAC3AF0E8}.Debug|x86.ActiveCfg = Debug|x86
		{56FCBB6F-196B-4F85-9D66-BB2FAC3AF0E8}.Debug|x86.Build.0 = Debug|x86
		{56FCBB6F-196B-4F85-9D66-BB2FAC3AF0E8}.Release|Any CPU.ActiveCfg = Release|Any CPU
		{56FCBB6F-196B-4F85-9D66-BB2FAC3AF0E8}.Release|Any CPU.Build.0 = Release|Any CPU
		{56FCBB6F-196B-4F85-9D66-BB2FAC3AF0E8}.Release|x64.ActiveCfg = Release|x64
		{56FCBB6F-196B-4F85-9D66-BB2FAC3AF0E8}.Release|x64.Build.0 = Release|x64
		{56FCBB6F-196B-4F85-9D66-BB2FAC3AF0E8}.Release|x86.ActiveCfg = Release|x86
		{56FCBB6F-196B-4F85-9D66-BB2FAC3AF0E8}.Release|x86.Build.0 = Release|x86
		{39CC24E2-DCDA-4D16-A230-A2D89C278C20}.Debug|Any CPU.ActiveCfg = Debug|Any CPU
		{39CC24E2-DCDA-4D16-A230-A2D89C278C20}.Debug|Any CPU.Build.0 = Debug|Any CPU
		{39CC24E2-DCDA-4D16-A230-A2D89C278C20}.Debug|x64.ActiveCfg = Debug|x64
		{39CC24E2-DCDA-4D16-A230-A2D89C278C20}.Debug|x64.Build.0 = Debug|x64
		{39CC24E2-DCDA-4D16-A230-A2D89C278C20}.Debug|x86.ActiveCfg = Debug|x86
		{39CC24E2-DCDA-4D16-A230-A2D89C278C20}.Debug|x86.Build.0 = Debug|x86
		{39CC24E2-DCDA-4D16-A230-A2D89C278C20}.Release|Any CPU.ActiveCfg = Release|Any CPU
		{39CC24E2-DCDA-4D16-A230-A2D89C278C20}.Release|Any CPU.Build.0 = Release|Any CPU
		{39CC24E2-DCDA-4D16-A230-A2D89C278C20}.Release|x64.ActiveCfg = Release|x64
		{39CC24E2-DCDA-4D16-A230-A2D89C278C20}.Release|x64.Build.0 = Release|x64
		{39CC24E2-DCDA-4D16-A230-A2D89C278C20}.Release|x86.ActiveCfg = Release|x86
		{39CC24E2-DCDA-4D16-A230-A2D89C278C20}.Release|x86.Build.0 = Release|x86
	EndGlobalSection
	GlobalSection(SolutionProperties) = preSolution
		HideSolutionNode = FALSE
	EndGlobalSection
	GlobalSection(ExtensibilityGlobals) = postSolution
		BuildVersion_StartDate = 2000/1/1
		SolutionGuid = {2E3F4373-6EF0-4BDE-83CC-7F3150FCF499}
		RESX_PrefixTranslations = False
	EndGlobalSection
EndGlobal
