
Microsoft Visual Studio Solution File, Format Version 12.00
# Visual Studio Version 16
VisualStudioVersion = 16.0.29020.237
MinimumVisualStudioVersion = 10.0.40219.1
Project("{2150E333-8FDC-42A3-9474-1A3956D46DE8}") = "Studio", "Studio", "{8E0C118E-89FC-4315-BFAB-6B07CD8DB871}"
EndProject
Project("{2150E333-8FDC-42A3-9474-1A3956D46DE8}") = "Modules", "Modules", "{4ED0CEB9-3772-4AAD-A467-5BA067DF55C3}"
EndProject
Project("{2150E333-8FDC-42A3-9474-1A3956D46DE8}") = "Framework", "Framework", "{ED8F8382-F8EB-418C-A7AC-65B8BDD5B8EB}"
EndProject
Project("{9A19103F-16F7-4668-BE54-9A1E7A4F7556}") = "SLStudio.Logging", "Framework\SLStudio.Logging\SLStudio.Logging.csproj", "{09C97CE3-6955-46BA-A100-37FFCAFA1BE4}"
EndProject
Project("{9A19103F-16F7-4668-BE54-9A1E7A4F7556}") = "SLStudio.SlrrLib", "Framework\SLStudio.SlrrLib\SLStudio.SlrrLib.csproj", "{2480A905-1530-4958-8115-014DB9CFE398}"
EndProject
Project("{9A19103F-16F7-4668-BE54-9A1E7A4F7556}") = "SLStudio", "Studio\SLStudio\SLStudio.csproj", "{195D4E17-DC23-4C18-8F63-F36100E4A22F}"
EndProject
Project("{9A19103F-16F7-4668-BE54-9A1E7A4F7556}") = "SLStudio.Core", "Studio\SLStudio.Core\SLStudio.Core.csproj", "{800A54E0-D2CD-4DE2-B590-AAAB66E1A69B}"
EndProject
Project("{2150E333-8FDC-42A3-9474-1A3956D46DE8}") = "LegacyEditors", "LegacyEditors", "{EF09F02E-EF9B-4D42-9C39-DE3FB7D479F0}"
EndProject
Project("{9A19103F-16F7-4668-BE54-9A1E7A4F7556}") = "SLStudio.CfgEditor", "Studio\Modules\LegacyEditors\SLStudio.CfgEditor\SLStudio.CfgEditor.csproj", "{F8D22D0C-3BF4-41EB-B34B-646048B2B878}"
EndProject
Project("{9A19103F-16F7-4668-BE54-9A1E7A4F7556}") = "SLStudio.JavaEditor", "Studio\Modules\LegacyEditors\SLStudio.JavaEditor\SLStudio.JavaEditor.csproj", "{5C2DAB94-7E36-4885-8D76-00A81A3C835E}"
EndProject
Project("{9A19103F-16F7-4668-BE54-9A1E7A4F7556}") = "SLStudio.RpkEditor", "Studio\Modules\LegacyEditors\SLStudio.RpkEditor\SLStudio.RpkEditor.csproj", "{4888DC90-7C08-434F-A780-05CFDFC0888D}"
EndProject
Project("{9A19103F-16F7-4668-BE54-9A1E7A4F7556}") = "SLStudio.TexEditor", "Studio\Modules\LegacyEditors\SLStudio.TexEditor\SLStudio.TexEditor.csproj", "{87DC1582-5926-4893-B0A7-CDC36215BBF0}"
EndProject
Project("{9A19103F-16F7-4668-BE54-9A1E7A4F7556}") = "SLStudio.Api", "Framework\SLStudio.Api\SLStudio.Api.csproj", "{55F0231E-A45A-4E74-9E58-7A4DDF0B11C8}"
EndProject
Global
	GlobalSection(SolutionConfigurationPlatforms) = preSolution
		Debug|Any CPU = Debug|Any CPU
		Release|Any CPU = Release|Any CPU
	EndGlobalSection
	GlobalSection(ProjectConfigurationPlatforms) = postSolution
		{09C97CE3-6955-46BA-A100-37FFCAFA1BE4}.Debug|Any CPU.ActiveCfg = Debug|Any CPU
		{09C97CE3-6955-46BA-A100-37FFCAFA1BE4}.Debug|Any CPU.Build.0 = Debug|Any CPU
		{09C97CE3-6955-46BA-A100-37FFCAFA1BE4}.Release|Any CPU.ActiveCfg = Release|Any CPU
		{09C97CE3-6955-46BA-A100-37FFCAFA1BE4}.Release|Any CPU.Build.0 = Release|Any CPU
		{2480A905-1530-4958-8115-014DB9CFE398}.Debug|Any CPU.ActiveCfg = Debug|Any CPU
		{2480A905-1530-4958-8115-014DB9CFE398}.Debug|Any CPU.Build.0 = Debug|Any CPU
		{2480A905-1530-4958-8115-014DB9CFE398}.Release|Any CPU.ActiveCfg = Release|Any CPU
		{2480A905-1530-4958-8115-014DB9CFE398}.Release|Any CPU.Build.0 = Release|Any CPU
		{195D4E17-DC23-4C18-8F63-F36100E4A22F}.Debug|Any CPU.ActiveCfg = Debug|Any CPU
		{195D4E17-DC23-4C18-8F63-F36100E4A22F}.Debug|Any CPU.Build.0 = Debug|Any CPU
		{195D4E17-DC23-4C18-8F63-F36100E4A22F}.Release|Any CPU.ActiveCfg = Release|Any CPU
		{195D4E17-DC23-4C18-8F63-F36100E4A22F}.Release|Any CPU.Build.0 = Release|Any CPU
		{800A54E0-D2CD-4DE2-B590-AAAB66E1A69B}.Debug|Any CPU.ActiveCfg = Debug|Any CPU
		{800A54E0-D2CD-4DE2-B590-AAAB66E1A69B}.Debug|Any CPU.Build.0 = Debug|Any CPU
		{800A54E0-D2CD-4DE2-B590-AAAB66E1A69B}.Release|Any CPU.ActiveCfg = Release|Any CPU
		{800A54E0-D2CD-4DE2-B590-AAAB66E1A69B}.Release|Any CPU.Build.0 = Release|Any CPU
		{F8D22D0C-3BF4-41EB-B34B-646048B2B878}.Debug|Any CPU.ActiveCfg = Debug|Any CPU
		{F8D22D0C-3BF4-41EB-B34B-646048B2B878}.Debug|Any CPU.Build.0 = Debug|Any CPU
		{F8D22D0C-3BF4-41EB-B34B-646048B2B878}.Release|Any CPU.ActiveCfg = Release|Any CPU
		{F8D22D0C-3BF4-41EB-B34B-646048B2B878}.Release|Any CPU.Build.0 = Release|Any CPU
		{5C2DAB94-7E36-4885-8D76-00A81A3C835E}.Debug|Any CPU.ActiveCfg = Debug|Any CPU
		{5C2DAB94-7E36-4885-8D76-00A81A3C835E}.Debug|Any CPU.Build.0 = Debug|Any CPU
		{5C2DAB94-7E36-4885-8D76-00A81A3C835E}.Release|Any CPU.ActiveCfg = Release|Any CPU
		{5C2DAB94-7E36-4885-8D76-00A81A3C835E}.Release|Any CPU.Build.0 = Release|Any CPU
		{4888DC90-7C08-434F-A780-05CFDFC0888D}.Debug|Any CPU.ActiveCfg = Debug|Any CPU
		{4888DC90-7C08-434F-A780-05CFDFC0888D}.Debug|Any CPU.Build.0 = Debug|Any CPU
		{4888DC90-7C08-434F-A780-05CFDFC0888D}.Release|Any CPU.ActiveCfg = Release|Any CPU
		{4888DC90-7C08-434F-A780-05CFDFC0888D}.Release|Any CPU.Build.0 = Release|Any CPU
		{87DC1582-5926-4893-B0A7-CDC36215BBF0}.Debug|Any CPU.ActiveCfg = Debug|Any CPU
		{87DC1582-5926-4893-B0A7-CDC36215BBF0}.Debug|Any CPU.Build.0 = Debug|Any CPU
		{87DC1582-5926-4893-B0A7-CDC36215BBF0}.Release|Any CPU.ActiveCfg = Release|Any CPU
		{87DC1582-5926-4893-B0A7-CDC36215BBF0}.Release|Any CPU.Build.0 = Release|Any CPU
		{55F0231E-A45A-4E74-9E58-7A4DDF0B11C8}.Debug|Any CPU.ActiveCfg = Debug|Any CPU
		{55F0231E-A45A-4E74-9E58-7A4DDF0B11C8}.Debug|Any CPU.Build.0 = Debug|Any CPU
		{55F0231E-A45A-4E74-9E58-7A4DDF0B11C8}.Release|Any CPU.ActiveCfg = Release|Any CPU
		{55F0231E-A45A-4E74-9E58-7A4DDF0B11C8}.Release|Any CPU.Build.0 = Release|Any CPU
	EndGlobalSection
	GlobalSection(SolutionProperties) = preSolution
		HideSolutionNode = FALSE
	EndGlobalSection
	GlobalSection(NestedProjects) = preSolution
		{4ED0CEB9-3772-4AAD-A467-5BA067DF55C3} = {8E0C118E-89FC-4315-BFAB-6B07CD8DB871}
		{09C97CE3-6955-46BA-A100-37FFCAFA1BE4} = {ED8F8382-F8EB-418C-A7AC-65B8BDD5B8EB}
		{2480A905-1530-4958-8115-014DB9CFE398} = {ED8F8382-F8EB-418C-A7AC-65B8BDD5B8EB}
		{195D4E17-DC23-4C18-8F63-F36100E4A22F} = {8E0C118E-89FC-4315-BFAB-6B07CD8DB871}
		{800A54E0-D2CD-4DE2-B590-AAAB66E1A69B} = {8E0C118E-89FC-4315-BFAB-6B07CD8DB871}
		{EF09F02E-EF9B-4D42-9C39-DE3FB7D479F0} = {4ED0CEB9-3772-4AAD-A467-5BA067DF55C3}
		{F8D22D0C-3BF4-41EB-B34B-646048B2B878} = {EF09F02E-EF9B-4D42-9C39-DE3FB7D479F0}
		{5C2DAB94-7E36-4885-8D76-00A81A3C835E} = {EF09F02E-EF9B-4D42-9C39-DE3FB7D479F0}
		{4888DC90-7C08-434F-A780-05CFDFC0888D} = {EF09F02E-EF9B-4D42-9C39-DE3FB7D479F0}
		{87DC1582-5926-4893-B0A7-CDC36215BBF0} = {EF09F02E-EF9B-4D42-9C39-DE3FB7D479F0}
		{55F0231E-A45A-4E74-9E58-7A4DDF0B11C8} = {ED8F8382-F8EB-418C-A7AC-65B8BDD5B8EB}
	EndGlobalSection
	GlobalSection(ExtensibilityGlobals) = postSolution
		BuildVersion_StartDate = 2000/1/1
		SolutionGuid = {2E3F4373-6EF0-4BDE-83CC-7F3150FCF499}
		RESX_PrefixTranslations = False
	EndGlobalSection
EndGlobal
