
Microsoft Visual Studio Solution File, Format Version 12.00
# Visual Studio Version 16
VisualStudioVersion = 16.0.29020.237
MinimumVisualStudioVersion = 10.0.40219.1
Project("{FAE04EC0-301F-11D3-BF4B-00C04F79EFBC}") = "Gemini", "Gemini\Gemini.csproj", "{13DBFC87-C152-4A86-94B0-D9944BEEF647}"
EndProject
Project("{FAE04EC0-301F-11D3-BF4B-00C04F79EFBC}") = "Gemini.Modules.Output", "Gemini.Modules.Output\Gemini.Modules.Output.csproj", "{B78AACC8-5A16-4951-83AD-B78D1C80A258}"
EndProject
Project("{FAE04EC0-301F-11D3-BF4B-00C04F79EFBC}") = "SLStudio", "SLStudio\SLStudio.csproj", "{A9053334-6B3A-41A9-80BF-F46EC78881D7}"
EndProject
Project("{FAE04EC0-301F-11D3-BF4B-00C04F79EFBC}") = "Gemini.Modules.CodeEditor", "Gemini.Modules.CodeEditor\Gemini.Modules.CodeEditor.csproj", "{1B56487B-CD40-4D94-8A62-C15F7E13D2FC}"
EndProject
Project("{FAE04EC0-301F-11D3-BF4B-00C04F79EFBC}") = "Gemini.Modules.ErrorList", "Gemini.Modules.ErrorList\Gemini.Modules.ErrorList.csproj", "{9F436232-52C4-4C2C-A83F-ADFE5B829484}"
EndProject
Project("{2150E333-8FDC-42A3-9474-1A3956D46DE8}") = "Studio", "Studio", "{105426C6-878A-418C-87F1-747E5E8C5689}"
EndProject
Project("{2150E333-8FDC-42A3-9474-1A3956D46DE8}") = "Gemini", "Gemini", "{CBFD89E4-94A1-4F8F-9EE3-D104FAC29B37}"
EndProject
Project("{2150E333-8FDC-42A3-9474-1A3956D46DE8}") = "Language", "Language", "{CC50A3AE-C364-46A5-A908-D1050C7CCF6F}"
EndProject
Project("{2150E333-8FDC-42A3-9474-1A3956D46DE8}") = "Modules", "Modules", "{CEE9FC68-5C1B-4086-B056-CC2F120E52B6}"
EndProject
Project("{FAE04EC0-301F-11D3-BF4B-00C04F79EFBC}") = "SLStudio.Core", "SLStudio.Core\SLStudio.Core.csproj", "{ECB96F56-E553-4507-929C-3F3B6B05A919}"
EndProject
Project("{FAE04EC0-301F-11D3-BF4B-00C04F79EFBC}") = "SLStudio.Solution", "SLStudio.Solution\SLStudio.Solution.csproj", "{BA919FA8-F41F-49E2-9F3E-74EF6A34A9E2}"
EndProject
Global
	GlobalSection(SolutionConfigurationPlatforms) = preSolution
		Debug|Any CPU = Debug|Any CPU
		Release|Any CPU = Release|Any CPU
	EndGlobalSection
	GlobalSection(ProjectConfigurationPlatforms) = postSolution
		{13DBFC87-C152-4A86-94B0-D9944BEEF647}.Debug|Any CPU.ActiveCfg = Debug|Any CPU
		{13DBFC87-C152-4A86-94B0-D9944BEEF647}.Debug|Any CPU.Build.0 = Debug|Any CPU
		{13DBFC87-C152-4A86-94B0-D9944BEEF647}.Release|Any CPU.ActiveCfg = Release|Any CPU
		{13DBFC87-C152-4A86-94B0-D9944BEEF647}.Release|Any CPU.Build.0 = Release|Any CPU
		{B78AACC8-5A16-4951-83AD-B78D1C80A258}.Debug|Any CPU.ActiveCfg = Debug|Any CPU
		{B78AACC8-5A16-4951-83AD-B78D1C80A258}.Debug|Any CPU.Build.0 = Debug|Any CPU
		{B78AACC8-5A16-4951-83AD-B78D1C80A258}.Release|Any CPU.ActiveCfg = Release|Any CPU
		{B78AACC8-5A16-4951-83AD-B78D1C80A258}.Release|Any CPU.Build.0 = Release|Any CPU
		{A9053334-6B3A-41A9-80BF-F46EC78881D7}.Debug|Any CPU.ActiveCfg = Debug|Any CPU
		{A9053334-6B3A-41A9-80BF-F46EC78881D7}.Debug|Any CPU.Build.0 = Debug|Any CPU
		{A9053334-6B3A-41A9-80BF-F46EC78881D7}.Release|Any CPU.ActiveCfg = Release|Any CPU
		{A9053334-6B3A-41A9-80BF-F46EC78881D7}.Release|Any CPU.Build.0 = Release|Any CPU
		{1B56487B-CD40-4D94-8A62-C15F7E13D2FC}.Debug|Any CPU.ActiveCfg = Debug|Any CPU
		{1B56487B-CD40-4D94-8A62-C15F7E13D2FC}.Debug|Any CPU.Build.0 = Debug|Any CPU
		{1B56487B-CD40-4D94-8A62-C15F7E13D2FC}.Release|Any CPU.ActiveCfg = Release|Any CPU
		{1B56487B-CD40-4D94-8A62-C15F7E13D2FC}.Release|Any CPU.Build.0 = Release|Any CPU
		{9F436232-52C4-4C2C-A83F-ADFE5B829484}.Debug|Any CPU.ActiveCfg = Debug|Any CPU
		{9F436232-52C4-4C2C-A83F-ADFE5B829484}.Debug|Any CPU.Build.0 = Debug|Any CPU
		{9F436232-52C4-4C2C-A83F-ADFE5B829484}.Release|Any CPU.ActiveCfg = Release|Any CPU
		{9F436232-52C4-4C2C-A83F-ADFE5B829484}.Release|Any CPU.Build.0 = Release|Any CPU
		{ECB96F56-E553-4507-929C-3F3B6B05A919}.Debug|Any CPU.ActiveCfg = Debug|Any CPU
		{ECB96F56-E553-4507-929C-3F3B6B05A919}.Debug|Any CPU.Build.0 = Debug|Any CPU
		{ECB96F56-E553-4507-929C-3F3B6B05A919}.Release|Any CPU.ActiveCfg = Release|Any CPU
		{ECB96F56-E553-4507-929C-3F3B6B05A919}.Release|Any CPU.Build.0 = Release|Any CPU
		{BA919FA8-F41F-49E2-9F3E-74EF6A34A9E2}.Debug|Any CPU.ActiveCfg = Debug|Any CPU
		{BA919FA8-F41F-49E2-9F3E-74EF6A34A9E2}.Debug|Any CPU.Build.0 = Debug|Any CPU
		{BA919FA8-F41F-49E2-9F3E-74EF6A34A9E2}.Release|Any CPU.ActiveCfg = Release|Any CPU
		{BA919FA8-F41F-49E2-9F3E-74EF6A34A9E2}.Release|Any CPU.Build.0 = Release|Any CPU
	EndGlobalSection
	GlobalSection(SolutionProperties) = preSolution
		HideSolutionNode = FALSE
	EndGlobalSection
	GlobalSection(NestedProjects) = preSolution
		{13DBFC87-C152-4A86-94B0-D9944BEEF647} = {CBFD89E4-94A1-4F8F-9EE3-D104FAC29B37}
		{B78AACC8-5A16-4951-83AD-B78D1C80A258} = {CEE9FC68-5C1B-4086-B056-CC2F120E52B6}
		{A9053334-6B3A-41A9-80BF-F46EC78881D7} = {105426C6-878A-418C-87F1-747E5E8C5689}
		{1B56487B-CD40-4D94-8A62-C15F7E13D2FC} = {CEE9FC68-5C1B-4086-B056-CC2F120E52B6}
		{9F436232-52C4-4C2C-A83F-ADFE5B829484} = {CEE9FC68-5C1B-4086-B056-CC2F120E52B6}
		{CBFD89E4-94A1-4F8F-9EE3-D104FAC29B37} = {105426C6-878A-418C-87F1-747E5E8C5689}
		{CEE9FC68-5C1B-4086-B056-CC2F120E52B6} = {CBFD89E4-94A1-4F8F-9EE3-D104FAC29B37}
		{ECB96F56-E553-4507-929C-3F3B6B05A919} = {105426C6-878A-418C-87F1-747E5E8C5689}
		{BA919FA8-F41F-49E2-9F3E-74EF6A34A9E2} = {CC50A3AE-C364-46A5-A908-D1050C7CCF6F}
	EndGlobalSection
	GlobalSection(ExtensibilityGlobals) = postSolution
		SolutionGuid = {2E3F4373-6EF0-4BDE-83CC-7F3150FCF499}
		BuildVersion_StartDate = 2000/1/1
	EndGlobalSection
EndGlobal
