
Microsoft Visual Studio Solution File, Format Version 12.00
# Visual Studio Version 16
VisualStudioVersion = 16.0.29020.237
MinimumVisualStudioVersion = 10.0.40219.1
Project("{FAE04EC0-301F-11D3-BF4B-00C04F79EFBC}") = "SLStudio", "SLStudio\SLStudio.csproj", "{2635FBA6-09D5-408F-B9EB-D71A0AD06505}"
EndProject
Project("{FAE04EC0-301F-11D3-BF4B-00C04F79EFBC}") = "SLStudio.Resources", "SLStudio.Resources\SLStudio.Resources.csproj", "{53C03034-84E8-4C21-8B3D-7F2367DF192E}"
EndProject
Project("{FAE04EC0-301F-11D3-BF4B-00C04F79EFBC}") = "SLStudio.Models", "SLStudio.Models\SLStudio.Models.csproj", "{DBE26D14-4F33-44CC-8345-AA3C72B70317}"
EndProject
Project("{2150E333-8FDC-42A3-9474-1A3956D46DE8}") = "Modules", "Modules", "{7425EBC3-F4C6-458B-9496-7964C43A132D}"
EndProject
Project("{FAE04EC0-301F-11D3-BF4B-00C04F79EFBC}") = "SLStudio.Logging", "SLStudio.Logging\SLStudio.Logging.csproj", "{D099C92A-94FE-4038-AFB6-0A611BFFB786}"
EndProject
Project("{2150E333-8FDC-42A3-9474-1A3956D46DE8}") = "Core", "Core", "{6A6A0FC8-0459-4601-A4CB-8BE7D01EE0C6}"
EndProject
Project("{2150E333-8FDC-42A3-9474-1A3956D46DE8}") = "Language", "Language", "{6AD77879-3548-4ECC-ABEC-426F5CAAC48A}"
EndProject
Project("{2150E333-8FDC-42A3-9474-1A3956D46DE8}") = "Managers", "Managers", "{93AB787D-FECA-4AD2-A3C5-4B1E3E9028C3}"
EndProject
Project("{2150E333-8FDC-42A3-9474-1A3956D46DE8}") = "Tools", "Tools", "{6B22157F-C344-4DD3-A31E-24424393158C}"
EndProject
Project("{FAE04EC0-301F-11D3-BF4B-00C04F79EFBC}") = "SLStudio.LanguageManager", "SLStudio.LanguageManager\SLStudio.LanguageManager.csproj", "{383CC26C-16BA-4F6D-B173-B99C29AC0717}"
EndProject
Project("{FAE04EC0-301F-11D3-BF4B-00C04F79EFBC}") = "SLStudio.SettingsManager", "SLStudio.SettingsManager\SLStudio.SettingsManager.csproj", "{B98709B4-7273-4E63-B4C0-8AE8CD5C56F4}"
EndProject
Project("{FAE04EC0-301F-11D3-BF4B-00C04F79EFBC}") = "SLStudio.ThemesManager", "SLStudio.ThemesManager\SLStudio.ThemesManager.csproj", "{35B87DDA-52CE-45BE-892E-A8C474E36733}"
EndProject
Global
	GlobalSection(SolutionConfigurationPlatforms) = preSolution
		Debug|Any CPU = Debug|Any CPU
		Debug|x64 = Debug|x64
		Release|Any CPU = Release|Any CPU
		Release|x64 = Release|x64
	EndGlobalSection
	GlobalSection(ProjectConfigurationPlatforms) = postSolution
		{2635FBA6-09D5-408F-B9EB-D71A0AD06505}.Debug|Any CPU.ActiveCfg = Debug|Any CPU
		{2635FBA6-09D5-408F-B9EB-D71A0AD06505}.Debug|Any CPU.Build.0 = Debug|Any CPU
		{2635FBA6-09D5-408F-B9EB-D71A0AD06505}.Debug|x64.ActiveCfg = Release|x64
		{2635FBA6-09D5-408F-B9EB-D71A0AD06505}.Debug|x64.Build.0 = Release|x64
		{2635FBA6-09D5-408F-B9EB-D71A0AD06505}.Release|Any CPU.ActiveCfg = Release|Any CPU
		{2635FBA6-09D5-408F-B9EB-D71A0AD06505}.Release|Any CPU.Build.0 = Release|Any CPU
		{2635FBA6-09D5-408F-B9EB-D71A0AD06505}.Release|x64.ActiveCfg = Release|x64
		{2635FBA6-09D5-408F-B9EB-D71A0AD06505}.Release|x64.Build.0 = Release|x64
		{53C03034-84E8-4C21-8B3D-7F2367DF192E}.Debug|Any CPU.ActiveCfg = Debug|Any CPU
		{53C03034-84E8-4C21-8B3D-7F2367DF192E}.Debug|Any CPU.Build.0 = Debug|Any CPU
		{53C03034-84E8-4C21-8B3D-7F2367DF192E}.Debug|x64.ActiveCfg = Debug|Any CPU
		{53C03034-84E8-4C21-8B3D-7F2367DF192E}.Debug|x64.Build.0 = Debug|Any CPU
		{53C03034-84E8-4C21-8B3D-7F2367DF192E}.Release|Any CPU.ActiveCfg = Release|Any CPU
		{53C03034-84E8-4C21-8B3D-7F2367DF192E}.Release|Any CPU.Build.0 = Release|Any CPU
		{53C03034-84E8-4C21-8B3D-7F2367DF192E}.Release|x64.ActiveCfg = Release|Any CPU
		{53C03034-84E8-4C21-8B3D-7F2367DF192E}.Release|x64.Build.0 = Release|Any CPU
		{DBE26D14-4F33-44CC-8345-AA3C72B70317}.Debug|Any CPU.ActiveCfg = Debug|Any CPU
		{DBE26D14-4F33-44CC-8345-AA3C72B70317}.Debug|Any CPU.Build.0 = Debug|Any CPU
		{DBE26D14-4F33-44CC-8345-AA3C72B70317}.Debug|x64.ActiveCfg = Debug|Any CPU
		{DBE26D14-4F33-44CC-8345-AA3C72B70317}.Debug|x64.Build.0 = Debug|Any CPU
		{DBE26D14-4F33-44CC-8345-AA3C72B70317}.Release|Any CPU.ActiveCfg = Release|Any CPU
		{DBE26D14-4F33-44CC-8345-AA3C72B70317}.Release|Any CPU.Build.0 = Release|Any CPU
		{DBE26D14-4F33-44CC-8345-AA3C72B70317}.Release|x64.ActiveCfg = Release|Any CPU
		{DBE26D14-4F33-44CC-8345-AA3C72B70317}.Release|x64.Build.0 = Release|Any CPU
		{D099C92A-94FE-4038-AFB6-0A611BFFB786}.Debug|Any CPU.ActiveCfg = Debug|Any CPU
		{D099C92A-94FE-4038-AFB6-0A611BFFB786}.Debug|Any CPU.Build.0 = Debug|Any CPU
		{D099C92A-94FE-4038-AFB6-0A611BFFB786}.Debug|x64.ActiveCfg = Debug|Any CPU
		{D099C92A-94FE-4038-AFB6-0A611BFFB786}.Debug|x64.Build.0 = Debug|Any CPU
		{D099C92A-94FE-4038-AFB6-0A611BFFB786}.Release|Any CPU.ActiveCfg = Release|Any CPU
		{D099C92A-94FE-4038-AFB6-0A611BFFB786}.Release|Any CPU.Build.0 = Release|Any CPU
		{D099C92A-94FE-4038-AFB6-0A611BFFB786}.Release|x64.ActiveCfg = Release|Any CPU
		{D099C92A-94FE-4038-AFB6-0A611BFFB786}.Release|x64.Build.0 = Release|Any CPU
		{383CC26C-16BA-4F6D-B173-B99C29AC0717}.Debug|Any CPU.ActiveCfg = Debug|Any CPU
		{383CC26C-16BA-4F6D-B173-B99C29AC0717}.Debug|Any CPU.Build.0 = Debug|Any CPU
		{383CC26C-16BA-4F6D-B173-B99C29AC0717}.Debug|x64.ActiveCfg = Debug|Any CPU
		{383CC26C-16BA-4F6D-B173-B99C29AC0717}.Debug|x64.Build.0 = Debug|Any CPU
		{383CC26C-16BA-4F6D-B173-B99C29AC0717}.Release|Any CPU.ActiveCfg = Release|Any CPU
		{383CC26C-16BA-4F6D-B173-B99C29AC0717}.Release|Any CPU.Build.0 = Release|Any CPU
		{383CC26C-16BA-4F6D-B173-B99C29AC0717}.Release|x64.ActiveCfg = Release|Any CPU
		{383CC26C-16BA-4F6D-B173-B99C29AC0717}.Release|x64.Build.0 = Release|Any CPU
		{B98709B4-7273-4E63-B4C0-8AE8CD5C56F4}.Debug|Any CPU.ActiveCfg = Debug|Any CPU
		{B98709B4-7273-4E63-B4C0-8AE8CD5C56F4}.Debug|Any CPU.Build.0 = Debug|Any CPU
		{B98709B4-7273-4E63-B4C0-8AE8CD5C56F4}.Debug|x64.ActiveCfg = Debug|Any CPU
		{B98709B4-7273-4E63-B4C0-8AE8CD5C56F4}.Debug|x64.Build.0 = Debug|Any CPU
		{B98709B4-7273-4E63-B4C0-8AE8CD5C56F4}.Release|Any CPU.ActiveCfg = Release|Any CPU
		{B98709B4-7273-4E63-B4C0-8AE8CD5C56F4}.Release|Any CPU.Build.0 = Release|Any CPU
		{B98709B4-7273-4E63-B4C0-8AE8CD5C56F4}.Release|x64.ActiveCfg = Release|Any CPU
		{B98709B4-7273-4E63-B4C0-8AE8CD5C56F4}.Release|x64.Build.0 = Release|Any CPU
		{35B87DDA-52CE-45BE-892E-A8C474E36733}.Debug|Any CPU.ActiveCfg = Debug|Any CPU
		{35B87DDA-52CE-45BE-892E-A8C474E36733}.Debug|Any CPU.Build.0 = Debug|Any CPU
		{35B87DDA-52CE-45BE-892E-A8C474E36733}.Debug|x64.ActiveCfg = Debug|Any CPU
		{35B87DDA-52CE-45BE-892E-A8C474E36733}.Debug|x64.Build.0 = Debug|Any CPU
		{35B87DDA-52CE-45BE-892E-A8C474E36733}.Release|Any CPU.ActiveCfg = Release|Any CPU
		{35B87DDA-52CE-45BE-892E-A8C474E36733}.Release|Any CPU.Build.0 = Release|Any CPU
		{35B87DDA-52CE-45BE-892E-A8C474E36733}.Release|x64.ActiveCfg = Release|Any CPU
		{35B87DDA-52CE-45BE-892E-A8C474E36733}.Release|x64.Build.0 = Release|Any CPU
	EndGlobalSection
	GlobalSection(SolutionProperties) = preSolution
		HideSolutionNode = FALSE
	EndGlobalSection
	GlobalSection(NestedProjects) = preSolution
		{2635FBA6-09D5-408F-B9EB-D71A0AD06505} = {6A6A0FC8-0459-4601-A4CB-8BE7D01EE0C6}
		{53C03034-84E8-4C21-8B3D-7F2367DF192E} = {6B22157F-C344-4DD3-A31E-24424393158C}
		{DBE26D14-4F33-44CC-8345-AA3C72B70317} = {6AD77879-3548-4ECC-ABEC-426F5CAAC48A}
		{D099C92A-94FE-4038-AFB6-0A611BFFB786} = {6B22157F-C344-4DD3-A31E-24424393158C}
		{93AB787D-FECA-4AD2-A3C5-4B1E3E9028C3} = {7425EBC3-F4C6-458B-9496-7964C43A132D}
		{6B22157F-C344-4DD3-A31E-24424393158C} = {7425EBC3-F4C6-458B-9496-7964C43A132D}
		{383CC26C-16BA-4F6D-B173-B99C29AC0717} = {93AB787D-FECA-4AD2-A3C5-4B1E3E9028C3}
		{B98709B4-7273-4E63-B4C0-8AE8CD5C56F4} = {93AB787D-FECA-4AD2-A3C5-4B1E3E9028C3}
		{35B87DDA-52CE-45BE-892E-A8C474E36733} = {93AB787D-FECA-4AD2-A3C5-4B1E3E9028C3}
	EndGlobalSection
	GlobalSection(ExtensibilityGlobals) = postSolution
		SolutionGuid = {2E3F4373-6EF0-4BDE-83CC-7F3150FCF499}
		BuildVersion_StartDate = 2000/1/1
	EndGlobalSection
EndGlobal
